
Microsoft Visual Studio Solution File, Format Version 12.00
# Visual Studio Version 17
VisualStudioVersion = 17.10.34928.147
MinimumVisualStudioVersion = 10.0.40219.1
Project("{FAE04EC0-301F-11D3-BF4B-00C04F79EFBC}") = "ControleDeGastosAPI", "ControleDeGastosAPI\ControleDeGastosAPI.csproj", "{01A90E13-2EDB-430C-8809-D527C5910778}"
EndProject
Global
	GlobalSection(SolutionConfigurationPlatforms) = preSolution
		Debug|Any CPU = Debug|Any CPU
		Release|Any CPU = Release|Any CPU
	EndGlobalSection
	GlobalSection(ProjectConfigurationPlatforms) = postSolution
		{01A90E13-2EDB-430C-8809-D527C5910778}.Debug|Any CPU.ActiveCfg = Debug|Any CPU
		{01A90E13-2EDB-430C-8809-D527C5910778}.Debug|Any CPU.Build.0 = Debug|Any CPU
		{01A90E13-2EDB-430C-8809-D527C5910778}.Release|Any CPU.ActiveCfg = Release|Any CPU
		{01A90E13-2EDB-430C-8809-D527C5910778}.Release|Any CPU.Build.0 = Release|Any CPU
	EndGlobalSection
	GlobalSection(SolutionProperties) = preSolution
		HideSolutionNode = FALSE
	EndGlobalSection
	GlobalSection(ExtensibilityGlobals) = postSolution
		SolutionGuid = {0E3B5910-7362-4FB3-81FD-DDBA386E8A51}
	EndGlobalSection
EndGlobal
